
Microsoft Visual Studio Solution File, Format Version 12.00
# Visual Studio 15
VisualStudioVersion = 15.0.28307.271
MinimumVisualStudioVersion = 10.0.40219.1
Project("{FAE04EC0-301F-11D3-BF4B-00C04F79EFBC}") = "Wiskunde Week 1", "Wiskunde Week 1\Wiskunde Week 1.csproj", "{53D137D9-5A62-4499-9BA5-1EE427D029C3}"
EndProject
Global
	GlobalSection(SolutionConfigurationPlatforms) = preSolution
		Debug|Any CPU = Debug|Any CPU
		Release|Any CPU = Release|Any CPU
	EndGlobalSection
	GlobalSection(ProjectConfigurationPlatforms) = postSolution
		{53D137D9-5A62-4499-9BA5-1EE427D029C3}.Debug|Any CPU.ActiveCfg = Debug|Any CPU
		{53D137D9-5A62-4499-9BA5-1EE427D029C3}.Debug|Any CPU.Build.0 = Debug|Any CPU
		{53D137D9-5A62-4499-9BA5-1EE427D029C3}.Release|Any CPU.ActiveCfg = Release|Any CPU
		{53D137D9-5A62-4499-9BA5-1EE427D029C3}.Release|Any CPU.Build.0 = Release|Any CPU
	EndGlobalSection
	GlobalSection(SolutionProperties) = preSolution
		HideSolutionNode = FALSE
	EndGlobalSection
	GlobalSection(ExtensibilityGlobals) = postSolution
		SolutionGuid = {D633D713-24BC-41ED-AFB5-2C324827ED96}
	EndGlobalSection
EndGlobal
